
Microsoft Visual Studio Solution File, Format Version 12.00
# Visual Studio 15
VisualStudioVersion = 15.0.26124.0
MinimumVisualStudioVersion = 15.0.26124.0
Project("{FAE04EC0-301F-11D3-BF4B-00C04F79EFBC}") = "MediaWorld.Client", "MediaWorld.Client\MediaWorld.Client.csproj", "{8A6F1C74-7FE1-4190-88BD-74BC7F78F16C}"
EndProject
Project("{FAE04EC0-301F-11D3-BF4B-00C04F79EFBC}") = "MediaWorld.Domain", "MediaWorld.Domain\MediaWorld.Domain.csproj", "{DCB757CD-6537-4A5F-8ED3-E117207F43E1}"
EndProject
Project("{FAE04EC0-301F-11D3-BF4B-00C04F79EFBC}") = "MediaWorld.Storing", "MediaWorld.Storing\MediaWorld.Storing.csproj", "{F01D4F83-5ECF-449B-BE44-A1823B5BDABD}"
EndProject
Project("{FAE04EC0-301F-11D3-BF4B-00C04F79EFBC}") = "MediaWorld.Testing", "MediaWorld.Testing\MediaWorld.Testing.csproj", "{6B0D3F02-F4BF-420F-BC5D-801E998666F2}"
EndProject
Global
	GlobalSection(SolutionProperties) = preSolution
		HideSolutionNode = FALSE
	EndGlobalSection
	GlobalSection(SolutionConfigurationPlatforms) = preSolution
		Debug|Any CPU = Debug|Any CPU
		Debug|x64 = Debug|x64
		Debug|x86 = Debug|x86
		Release|Any CPU = Release|Any CPU
		Release|x64 = Release|x64
		Release|x86 = Release|x86
	EndGlobalSection
	GlobalSection(ProjectConfigurationPlatforms) = postSolution
		{8A6F1C74-7FE1-4190-88BD-74BC7F78F16C}.Debug|Any CPU.ActiveCfg = Debug|Any CPU
		{8A6F1C74-7FE1-4190-88BD-74BC7F78F16C}.Debug|Any CPU.Build.0 = Debug|Any CPU
		{8A6F1C74-7FE1-4190-88BD-74BC7F78F16C}.Debug|x64.ActiveCfg = Debug|Any CPU
		{8A6F1C74-7FE1-4190-88BD-74BC7F78F16C}.Debug|x64.Build.0 = Debug|Any CPU
		{8A6F1C74-7FE1-4190-88BD-74BC7F78F16C}.Debug|x86.ActiveCfg = Debug|Any CPU
		{8A6F1C74-7FE1-4190-88BD-74BC7F78F16C}.Debug|x86.Build.0 = Debug|Any CPU
		{8A6F1C74-7FE1-4190-88BD-74BC7F78F16C}.Release|Any CPU.ActiveCfg = Release|Any CPU
		{8A6F1C74-7FE1-4190-88BD-74BC7F78F16C}.Release|Any CPU.Build.0 = Release|Any CPU
		{8A6F1C74-7FE1-4190-88BD-74BC7F78F16C}.Release|x64.ActiveCfg = Release|Any CPU
		{8A6F1C74-7FE1-4190-88BD-74BC7F78F16C}.Release|x64.Build.0 = Release|Any CPU
		{8A6F1C74-7FE1-4190-88BD-74BC7F78F16C}.Release|x86.ActiveCfg = Release|Any CPU
		{8A6F1C74-7FE1-4190-88BD-74BC7F78F16C}.Release|x86.Build.0 = Release|Any CPU
		{DCB757CD-6537-4A5F-8ED3-E117207F43E1}.Debug|Any CPU.ActiveCfg = Debug|Any CPU
		{DCB757CD-6537-4A5F-8ED3-E117207F43E1}.Debug|Any CPU.Build.0 = Debug|Any CPU
		{DCB757CD-6537-4A5F-8ED3-E117207F43E1}.Debug|x64.ActiveCfg = Debug|Any CPU
		{DCB757CD-6537-4A5F-8ED3-E117207F43E1}.Debug|x64.Build.0 = Debug|Any CPU
		{DCB757CD-6537-4A5F-8ED3-E117207F43E1}.Debug|x86.ActiveCfg = Debug|Any CPU
		{DCB757CD-6537-4A5F-8ED3-E117207F43E1}.Debug|x86.Build.0 = Debug|Any CPU
		{DCB757CD-6537-4A5F-8ED3-E117207F43E1}.Release|Any CPU.ActiveCfg = Release|Any CPU
		{DCB757CD-6537-4A5F-8ED3-E117207F43E1}.Release|Any CPU.Build.0 = Release|Any CPU
		{DCB757CD-6537-4A5F-8ED3-E117207F43E1}.Release|x64.ActiveCfg = Release|Any CPU
		{DCB757CD-6537-4A5F-8ED3-E117207F43E1}.Release|x64.Build.0 = Release|Any CPU
		{DCB757CD-6537-4A5F-8ED3-E117207F43E1}.Release|x86.ActiveCfg = Release|Any CPU
		{DCB757CD-6537-4A5F-8ED3-E117207F43E1}.Release|x86.Build.0 = Release|Any CPU
		{F01D4F83-5ECF-449B-BE44-A1823B5BDABD}.Debug|Any CPU.ActiveCfg = Debug|Any CPU
		{F01D4F83-5ECF-449B-BE44-A1823B5BDABD}.Debug|Any CPU.Build.0 = Debug|Any CPU
		{F01D4F83-5ECF-449B-BE44-A1823B5BDABD}.Debug|x64.ActiveCfg = Debug|Any CPU
		{F01D4F83-5ECF-449B-BE44-A1823B5BDABD}.Debug|x64.Build.0 = Debug|Any CPU
		{F01D4F83-5ECF-449B-BE44-A1823B5BDABD}.Debug|x86.ActiveCfg = Debug|Any CPU
		{F01D4F83-5ECF-449B-BE44-A1823B5BDABD}.Debug|x86.Build.0 = Debug|Any CPU
		{F01D4F83-5ECF-449B-BE44-A1823B5BDABD}.Release|Any CPU.ActiveCfg = Release|Any CPU
		{F01D4F83-5ECF-449B-BE44-A1823B5BDABD}.Release|Any CPU.Build.0 = Release|Any CPU
		{F01D4F83-5ECF-449B-BE44-A1823B5BDABD}.Release|x64.ActiveCfg = Release|Any CPU
		{F01D4F83-5ECF-449B-BE44-A1823B5BDABD}.Release|x64.Build.0 = Release|Any CPU
		{F01D4F83-5ECF-449B-BE44-A1823B5BDABD}.Release|x86.ActiveCfg = Release|Any CPU
		{F01D4F83-5ECF-449B-BE44-A1823B5BDABD}.Release|x86.Build.0 = Release|Any CPU
		{6B0D3F02-F4BF-420F-BC5D-801E998666F2}.Debug|Any CPU.ActiveCfg = Debug|Any CPU
		{6B0D3F02-F4BF-420F-BC5D-801E998666F2}.Debug|Any CPU.Build.0 = Debug|Any CPU
		{6B0D3F02-F4BF-420F-BC5D-801E998666F2}.Debug|x64.ActiveCfg = Debug|Any CPU
		{6B0D3F02-F4BF-420F-BC5D-801E998666F2}.Debug|x64.Build.0 = Debug|Any CPU
		{6B0D3F02-F4BF-420F-BC5D-801E998666F2}.Debug|x86.ActiveCfg = Debug|Any CPU
		{6B0D3F02-F4BF-420F-BC5D-801E998666F2}.Debug|x86.Build.0 = Debug|Any CPU
		{6B0D3F02-F4BF-420F-BC5D-801E998666F2}.Release|Any CPU.ActiveCfg = Release|Any CPU
		{6B0D3F02-F4BF-420F-BC5D-801E998666F2}.Release|Any CPU.Build.0 = Release|Any CPU
		{6B0D3F02-F4BF-420F-BC5D-801E998666F2}.Release|x64.ActiveCfg = Release|Any CPU
		{6B0D3F02-F4BF-420F-BC5D-801E998666F2}.Release|x64.Build.0 = Release|Any CPU
		{6B0D3F02-F4BF-420F-BC5D-801E998666F2}.Release|x86.ActiveCfg = Release|Any CPU
		{6B0D3F02-F4BF-420F-BC5D-801E998666F2}.Release|x86.Build.0 = Release|Any CPU
	EndGlobalSection
EndGlobal
