
Microsoft Visual Studio Solution File, Format Version 12.00
# Visual Studio 15
VisualStudioVersion = 15.0.26124.0
MinimumVisualStudioVersion = 15.0.26124.0
Project("{FAE04EC0-301F-11D3-BF4B-00C04F79EFBC}") = "MediaWorld.Client", "MediaWorld.Client\MediaWorld.Client.csproj", "{9FD083B9-21E9-420C-AFE9-22D0E212C6F9}"
EndProject
Project("{FAE04EC0-301F-11D3-BF4B-00C04F79EFBC}") = "MediaWorld.Domain", "MediaWorld.Domain\MediaWorld.Domain.csproj", "{86A87380-B565-4EE1-8306-8A88E61A5B2A}"
EndProject
Project("{FAE04EC0-301F-11D3-BF4B-00C04F79EFBC}") = "MediaWorld.Storing", "MediaWorld.Storing\MediaWorld.Storing.csproj", "{3F573B06-AB42-4C9F-A2A4-C66595E474CC}"
EndProject
Project("{FAE04EC0-301F-11D3-BF4B-00C04F79EFBC}") = "MediaWorld.Testing", "MediaWorld.Testing\MediaWorld.Testing.csproj", "{C0C8C507-F64A-4E7A-AD50-EF7103451FF6}"
EndProject
Global
	GlobalSection(SolutionConfigurationPlatforms) = preSolution
		Debug|Any CPU = Debug|Any CPU
		Debug|x64 = Debug|x64
		Debug|x86 = Debug|x86
		Release|Any CPU = Release|Any CPU
		Release|x64 = Release|x64
		Release|x86 = Release|x86
	EndGlobalSection
	GlobalSection(SolutionProperties) = preSolution
		HideSolutionNode = FALSE
	EndGlobalSection
	GlobalSection(ProjectConfigurationPlatforms) = postSolution
		{9FD083B9-21E9-420C-AFE9-22D0E212C6F9}.Debug|Any CPU.ActiveCfg = Debug|Any CPU
		{9FD083B9-21E9-420C-AFE9-22D0E212C6F9}.Debug|Any CPU.Build.0 = Debug|Any CPU
		{9FD083B9-21E9-420C-AFE9-22D0E212C6F9}.Debug|x64.ActiveCfg = Debug|Any CPU
		{9FD083B9-21E9-420C-AFE9-22D0E212C6F9}.Debug|x64.Build.0 = Debug|Any CPU
		{9FD083B9-21E9-420C-AFE9-22D0E212C6F9}.Debug|x86.ActiveCfg = Debug|Any CPU
		{9FD083B9-21E9-420C-AFE9-22D0E212C6F9}.Debug|x86.Build.0 = Debug|Any CPU
		{9FD083B9-21E9-420C-AFE9-22D0E212C6F9}.Release|Any CPU.ActiveCfg = Release|Any CPU
		{9FD083B9-21E9-420C-AFE9-22D0E212C6F9}.Release|Any CPU.Build.0 = Release|Any CPU
		{9FD083B9-21E9-420C-AFE9-22D0E212C6F9}.Release|x64.ActiveCfg = Release|Any CPU
		{9FD083B9-21E9-420C-AFE9-22D0E212C6F9}.Release|x64.Build.0 = Release|Any CPU
		{9FD083B9-21E9-420C-AFE9-22D0E212C6F9}.Release|x86.ActiveCfg = Release|Any CPU
		{9FD083B9-21E9-420C-AFE9-22D0E212C6F9}.Release|x86.Build.0 = Release|Any CPU
		{86A87380-B565-4EE1-8306-8A88E61A5B2A}.Debug|Any CPU.ActiveCfg = Debug|Any CPU
		{86A87380-B565-4EE1-8306-8A88E61A5B2A}.Debug|Any CPU.Build.0 = Debug|Any CPU
		{86A87380-B565-4EE1-8306-8A88E61A5B2A}.Debug|x64.ActiveCfg = Debug|Any CPU
		{86A87380-B565-4EE1-8306-8A88E61A5B2A}.Debug|x64.Build.0 = Debug|Any CPU
		{86A87380-B565-4EE1-8306-8A88E61A5B2A}.Debug|x86.ActiveCfg = Debug|Any CPU
		{86A87380-B565-4EE1-8306-8A88E61A5B2A}.Debug|x86.Build.0 = Debug|Any CPU
		{86A87380-B565-4EE1-8306-8A88E61A5B2A}.Release|Any CPU.ActiveCfg = Release|Any CPU
		{86A87380-B565-4EE1-8306-8A88E61A5B2A}.Release|Any CPU.Build.0 = Release|Any CPU
		{86A87380-B565-4EE1-8306-8A88E61A5B2A}.Release|x64.ActiveCfg = Release|Any CPU
		{86A87380-B565-4EE1-8306-8A88E61A5B2A}.Release|x64.Build.0 = Release|Any CPU
		{86A87380-B565-4EE1-8306-8A88E61A5B2A}.Release|x86.ActiveCfg = Release|Any CPU
		{86A87380-B565-4EE1-8306-8A88E61A5B2A}.Release|x86.Build.0 = Release|Any CPU
		{3F573B06-AB42-4C9F-A2A4-C66595E474CC}.Debug|Any CPU.ActiveCfg = Debug|Any CPU
		{3F573B06-AB42-4C9F-A2A4-C66595E474CC}.Debug|Any CPU.Build.0 = Debug|Any CPU
		{3F573B06-AB42-4C9F-A2A4-C66595E474CC}.Debug|x64.ActiveCfg = Debug|Any CPU
		{3F573B06-AB42-4C9F-A2A4-C66595E474CC}.Debug|x64.Build.0 = Debug|Any CPU
		{3F573B06-AB42-4C9F-A2A4-C66595E474CC}.Debug|x86.ActiveCfg = Debug|Any CPU
		{3F573B06-AB42-4C9F-A2A4-C66595E474CC}.Debug|x86.Build.0 = Debug|Any CPU
		{3F573B06-AB42-4C9F-A2A4-C66595E474CC}.Release|Any CPU.ActiveCfg = Release|Any CPU
		{3F573B06-AB42-4C9F-A2A4-C66595E474CC}.Release|Any CPU.Build.0 = Release|Any CPU
		{3F573B06-AB42-4C9F-A2A4-C66595E474CC}.Release|x64.ActiveCfg = Release|Any CPU
		{3F573B06-AB42-4C9F-A2A4-C66595E474CC}.Release|x64.Build.0 = Release|Any CPU
		{3F573B06-AB42-4C9F-A2A4-C66595E474CC}.Release|x86.ActiveCfg = Release|Any CPU
		{3F573B06-AB42-4C9F-A2A4-C66595E474CC}.Release|x86.Build.0 = Release|Any CPU
		{C0C8C507-F64A-4E7A-AD50-EF7103451FF6}.Debug|Any CPU.ActiveCfg = Debug|Any CPU
		{C0C8C507-F64A-4E7A-AD50-EF7103451FF6}.Debug|Any CPU.Build.0 = Debug|Any CPU
		{C0C8C507-F64A-4E7A-AD50-EF7103451FF6}.Debug|x64.ActiveCfg = Debug|Any CPU
		{C0C8C507-F64A-4E7A-AD50-EF7103451FF6}.Debug|x64.Build.0 = Debug|Any CPU
		{C0C8C507-F64A-4E7A-AD50-EF7103451FF6}.Debug|x86.ActiveCfg = Debug|Any CPU
		{C0C8C507-F64A-4E7A-AD50-EF7103451FF6}.Debug|x86.Build.0 = Debug|Any CPU
		{C0C8C507-F64A-4E7A-AD50-EF7103451FF6}.Release|Any CPU.ActiveCfg = Release|Any CPU
		{C0C8C507-F64A-4E7A-AD50-EF7103451FF6}.Release|Any CPU.Build.0 = Release|Any CPU
		{C0C8C507-F64A-4E7A-AD50-EF7103451FF6}.Release|x64.ActiveCfg = Release|Any CPU
		{C0C8C507-F64A-4E7A-AD50-EF7103451FF6}.Release|x64.Build.0 = Release|Any CPU
		{C0C8C507-F64A-4E7A-AD50-EF7103451FF6}.Release|x86.ActiveCfg = Release|Any CPU
		{C0C8C507-F64A-4E7A-AD50-EF7103451FF6}.Release|x86.Build.0 = Release|Any CPU
	EndGlobalSection
EndGlobal
